
Microsoft Visual Studio Solution File, Format Version 12.00
# Visual Studio Version 17
VisualStudioVersion = 17.11.35327.3
MinimumVisualStudioVersion = 10.0.40219.1
Project("{FAE04EC0-301F-11D3-BF4B-00C04F79EFBC}") = "seminarul 3", "seminarul 3.csproj", "{D15F962D-850A-4C86-9DE0-78D39E9B97E0}"
EndProject
Global
	GlobalSection(SolutionConfigurationPlatforms) = preSolution
		Debug|Any CPU = Debug|Any CPU
		Release|Any CPU = Release|Any CPU
	EndGlobalSection
	GlobalSection(ProjectConfigurationPlatforms) = postSolution
		{D15F962D-850A-4C86-9DE0-78D39E9B97E0}.Debug|Any CPU.ActiveCfg = Debug|Any CPU
		{D15F962D-850A-4C86-9DE0-78D39E9B97E0}.Debug|Any CPU.Build.0 = Debug|Any CPU
		{D15F962D-850A-4C86-9DE0-78D39E9B97E0}.Release|Any CPU.ActiveCfg = Release|Any CPU
		{D15F962D-850A-4C86-9DE0-78D39E9B97E0}.Release|Any CPU.Build.0 = Release|Any CPU
	EndGlobalSection
	GlobalSection(SolutionProperties) = preSolution
		HideSolutionNode = FALSE
	EndGlobalSection
	GlobalSection(ExtensibilityGlobals) = postSolution
		SolutionGuid = {7122B9D9-B610-4EA3-9B70-9F9EDDEF0CD5}
	EndGlobalSection
EndGlobal
