
Microsoft Visual Studio Solution File, Format Version 12.00
# Visual Studio Version 17
VisualStudioVersion = 17.14.36109.1 d17.14
MinimumVisualStudioVersion = 10.0.40219.1
Project("{FAE04EC0-301F-11D3-BF4B-00C04F79EFBC}") = "test_bd_cmd", "test_bd_cmd\test_bd_cmd.csproj", "{AC0B87DA-AB39-41E1-A886-A1AEE8C73E0A}"
EndProject
Global
	GlobalSection(SolutionConfigurationPlatforms) = preSolution
		Debug|Any CPU = Debug|Any CPU
		Release|Any CPU = Release|Any CPU
	EndGlobalSection
	GlobalSection(ProjectConfigurationPlatforms) = postSolution
		{AC0B87DA-AB39-41E1-A886-A1AEE8C73E0A}.Debug|Any CPU.ActiveCfg = Debug|Any CPU
		{AC0B87DA-AB39-41E1-A886-A1AEE8C73E0A}.Debug|Any CPU.Build.0 = Debug|Any CPU
		{AC0B87DA-AB39-41E1-A886-A1AEE8C73E0A}.Release|Any CPU.ActiveCfg = Release|Any CPU
		{AC0B87DA-AB39-41E1-A886-A1AEE8C73E0A}.Release|Any CPU.Build.0 = Release|Any CPU
	EndGlobalSection
	GlobalSection(SolutionProperties) = preSolution
		HideSolutionNode = FALSE
	EndGlobalSection
	GlobalSection(ExtensibilityGlobals) = postSolution
		SolutionGuid = {F6C9EA67-35A4-48E1-B207-A2B12442450E}
	EndGlobalSection
EndGlobal
